Microsoft Visual Studio Solution File, Format Version 12.00
# Visual Studio Version 17
VisualStudioVersion = 17.0.31611.283
MinimumVisualStudioVersion = 10.0.40219.1
Project("{9A19103F-16F7-4668-BE54-9A1E7A4F7556}") = "FsDomainPoc", "FsDomainPoc\FsDomainPoc.csproj", "{EAAC5FA9-7B2A-4E1F-8E43-5C10553054B8}"
EndProject
Project("{F2A71F9B-5D33-465A-A702-920D77279786}") = "Restaurant.DinningArea.Domain", "Restaurant.DinningArea.Domain\Restaurant.DinningArea.Domain.fsproj", "{2F336195-D511-4600-841A-751339729FDB}"
EndProject
Project("{F2A71F9B-5D33-465A-A702-920D77279786}") = "Restaurant.Food.Domain", "Restaurant.Food.Domain\Restaurant.Food.Domain.fsproj", "{E60111C8-BC78-4B28-A007-119C6175D45A}"
EndProject
Global
	GlobalSection(SolutionConfigurationPlatforms) = preSolution
		Debug|Any CPU = Debug|Any CPU
		Release|Any CPU = Release|Any CPU
	EndGlobalSection
	GlobalSection(ProjectConfigurationPlatforms) = postSolution
		{EAAC5FA9-7B2A-4E1F-8E43-5C10553054B8}.Debug|Any CPU.ActiveCfg = Debug|Any CPU
		{EAAC5FA9-7B2A-4E1F-8E43-5C10553054B8}.Debug|Any CPU.Build.0 = Debug|Any CPU
		{EAAC5FA9-7B2A-4E1F-8E43-5C10553054B8}.Debug|Any CPU.Deploy.0 = Debug|Any CPU
		{EAAC5FA9-7B2A-4E1F-8E43-5C10553054B8}.Release|Any CPU.ActiveCfg = Release|Any CPU
		{EAAC5FA9-7B2A-4E1F-8E43-5C10553054B8}.Release|Any CPU.Build.0 = Release|Any CPU
		{EAAC5FA9-7B2A-4E1F-8E43-5C10553054B8}.Release|Any CPU.Deploy.0 = Release|Any CPU
		{2F336195-D511-4600-841A-751339729FDB}.Debug|Any CPU.ActiveCfg = Debug|Any CPU
		{2F336195-D511-4600-841A-751339729FDB}.Debug|Any CPU.Build.0 = Debug|Any CPU
		{2F336195-D511-4600-841A-751339729FDB}.Release|Any CPU.ActiveCfg = Release|Any CPU
		{2F336195-D511-4600-841A-751339729FDB}.Release|Any CPU.Build.0 = Release|Any CPU
		{E60111C8-BC78-4B28-A007-119C6175D45A}.Debug|Any CPU.ActiveCfg = Debug|Any CPU
		{E60111C8-BC78-4B28-A007-119C6175D45A}.Debug|Any CPU.Build.0 = Debug|Any CPU
		{E60111C8-BC78-4B28-A007-119C6175D45A}.Release|Any CPU.ActiveCfg = Release|Any CPU
		{E60111C8-BC78-4B28-A007-119C6175D45A}.Release|Any CPU.Build.0 = Release|Any CPU
	EndGlobalSection
	GlobalSection(SolutionProperties) = preSolution
		HideSolutionNode = FALSE
	EndGlobalSection
	GlobalSection(ExtensibilityGlobals) = postSolution
		SolutionGuid = {61F7FB11-1E47-470C-91E2-47F8143E1572}
	EndGlobalSection
EndGlobal
